
Microsoft Visual Studio Solution File, Format Version 12.00
# Visual Studio Version 17
VisualStudioVersion = 17.6.33829.357
MinimumVisualStudioVersion = 10.0.40219.1
Project("{FAE04EC0-301F-11D3-BF4B-00C04F79EFBC}") = "GOTQuiz", "GOTQuiz.csproj", "{401A14FE-28FE-4ADD-9FF9-153C9CBEF995}"
EndProject
Global
	GlobalSection(SolutionConfigurationPlatforms) = preSolution
		Debug|Any CPU = Debug|Any CPU
		Release|Any CPU = Release|Any CPU
	EndGlobalSection
	GlobalSection(ProjectConfigurationPlatforms) = postSolution
		{401A14FE-28FE-4ADD-9FF9-153C9CBEF995}.Debug|Any CPU.ActiveCfg = Debug|Any CPU
		{401A14FE-28FE-4ADD-9FF9-153C9CBEF995}.Debug|Any CPU.Build.0 = Debug|Any CPU
		{401A14FE-28FE-4ADD-9FF9-153C9CBEF995}.Release|Any CPU.ActiveCfg = Release|Any CPU
		{401A14FE-28FE-4ADD-9FF9-153C9CBEF995}.Release|Any CPU.Build.0 = Release|Any CPU
	EndGlobalSection
	GlobalSection(SolutionProperties) = preSolution
		HideSolutionNode = FALSE
	EndGlobalSection
	GlobalSection(ExtensibilityGlobals) = postSolution
		SolutionGuid = {CA7277BC-25AC-4BC5-A739-23A24B23DE4B}
	EndGlobalSection
EndGlobal
